// !$*UTF8*$!
{
	archiveVersion = 1;
	classes = {
	};
	objectVersion = 51;
	objects = {

/* Begin PBXBuildFile section */
		BC924789EA8C4218D2B6A1D3 /* Pods_Tasks_Project.framework in Frameworks */ = {isa = PBXBuildFile; fileRef = 979BC5D7121C0DE4BAED25EB /* Pods_Tasks_Project.framework */; };
		F5220F7D24084AC100E5E552 /* AppDelegate.swift in Sources */ = {isa = PBXBuildFile; fileRef = F5220F7C24084AC100E5E552 /* AppDelegate.swift */; };
		F5220F8424084AC100E5E552 /* Main.storyboard in Resources */ = {isa = PBXBuildFile; fileRef = F5220F8224084AC100E5E552 /* Main.storyboard */; };
		F5220F8624084AC800E5E552 /* Assets.xcassets in Resources */ = {isa = PBXBuildFile; fileRef = F5220F8524084AC800E5E552 /* Assets.xcassets */; };
		F5220F8924084AC800E5E552 /* LaunchScreen.storyboard in Resources */ = {isa = PBXBuildFile; fileRef = F5220F8724084AC800E5E552 /* LaunchScreen.storyboard */; };
		F5220F9124084B0100E5E552 /* TaskListViewController.swift in Sources */ = {isa = PBXBuildFile; fileRef = F5220F9024084B0100E5E552 /* TaskListViewController.swift */; };
		F5220F9324084B9800E5E552 /* Enumeration_Task.swift in Sources */ = {isa = PBXBuildFile; fileRef = F5220F9224084B9800E5E552 /* Enumeration_Task.swift */; };
		F5220F952408535100E5E552 /* PhotosSearchViewController.swift in Sources */ = {isa = PBXBuildFile; fileRef = F5220F942408535100E5E552 /* PhotosSearchViewController.swift */; };
		F5265BA0241B901900E37E33 /* DrawingViewController.swift in Sources */ = {isa = PBXBuildFile; fileRef = F5265B9F241B901900E37E33 /* DrawingViewController.swift */; };
		F5265BA2241B90F900E37E33 /* Draw.swift in Sources */ = {isa = PBXBuildFile; fileRef = F5265BA1241B90F900E37E33 /* Draw.swift */; };
		F58DF3F2240BD7510025C06B /* PhotoCollectionViewCell.swift in Sources */ = {isa = PBXBuildFile; fileRef = F58DF3F1240BD7510025C06B /* PhotoCollectionViewCell.swift */; };
		F590A3102411AF460029C493 /* EditPhotoViewController.swift in Sources */ = {isa = PBXBuildFile; fileRef = F590A30F2411AF460029C493 /* EditPhotoViewController.swift */; };
		F5D8B001241FD9C20055E453 /* SettingsPositionElement.swift in Sources */ = {isa = PBXBuildFile; fileRef = F5D8B000241FD9C20055E453 /* SettingsPositionElement.swift */; };
/* End PBXBuildFile section */

/* Begin PBXFileReference section */
		14C9CC6EA678458D68C4499A /* Pods-Tasks_Project.debug.xcconfig */ = {isa = PBXFileReference; includeInIndex = 1; lastKnownFileType = text.xcconfig; name = "Pods-Tasks_Project.debug.xcconfig"; path = "Target Support Files/Pods-Tasks_Project/Pods-Tasks_Project.debug.xcconfig"; sourceTree = "<group>"; };
		979BC5D7121C0DE4BAED25EB /* Pods_Tasks_Project.framework */ = {isa = PBXFileReference; explicitFileType = wrapper.framework; includeInIndex = 0; path = Pods_Tasks_Project.framework; sourceTree = BUILT_PRODUCTS_DIR; };
		B7989556494D811AEF347588 /* Pods-Tasks_Project.release.xcconfig */ = {isa = PBXFileReference; includeInIndex = 1; lastKnownFileType = text.xcconfig; name = "Pods-Tasks_Project.release.xcconfig"; path = "Target Support Files/Pods-Tasks_Project/Pods-Tasks_Project.release.xcconfig"; sourceTree = "<group>"; };
		F5220F7924084AC100E5E552 /* Tasks_Project.app */ = {isa = PBXFileReference; explicitFileType = wrapper.application; includeInIndex = 0; path = Tasks_Project.app; sourceTree = BUILT_PRODUCTS_DIR; };
		F5220F7C24084AC100E5E552 /* AppDelegate.swift */ = {isa = PBXFileReference; lastKnownFileType = sourcecode.swift; path = AppDelegate.swift; sourceTree = "<group>"; };
		F5220F8324084AC100E5E552 /* Base */ = {isa = PBXFileReference; lastKnownFileType = file.storyboard; name = Base; path = Base.lproj/Main.storyboard; sourceTree = "<group>"; };
		F5220F8524084AC800E5E552 /* Assets.xcassets */ = {isa = PBXFileReference; lastKnownFileType = folder.assetcatalog; path = Assets.xcassets; sourceTree = "<group>"; };
		F5220F8824084AC800E5E552 /* Base */ = {isa = PBXFileReference; lastKnownFileType = file.storyboard; name = Base; path = Base.lproj/LaunchScreen.storyboard; sourceTree = "<group>"; };
		F5220F8A24084AC800E5E552 /* Info.plist */ = {isa = PBXFileReference; lastKnownFileType = text.plist.xml; path = Info.plist; sourceTree = "<group>"; };
		F5220F9024084B0100E5E552 /* TaskListViewController.swift */ = {isa = PBXFileReference; lastKnownFileType = sourcecode.swift; path = TaskListViewController.swift; sourceTree = "<group>"; };
		F5220F9224084B9800E5E552 /* Enumeration_Task.swift */ = {isa = PBXFileReference; lastKnownFileType = sourcecode.swift; path = Enumeration_Task.swift; sourceTree = "<group>"; };
		F5220F942408535100E5E552 /* PhotosSearchViewController.swift */ = {isa = PBXFileReference; lastKnownFileType = sourcecode.swift; path = PhotosSearchViewController.swift; sourceTree = "<group>"; };
		F5265B9F241B901900E37E33 /* DrawingViewController.swift */ = {isa = PBXFileReference; lastKnownFileType = sourcecode.swift; path = DrawingViewController.swift; sourceTree = "<group>"; };
		F5265BA1241B90F900E37E33 /* Draw.swift */ = {isa = PBXFileReference; lastKnownFileType = sourcecode.swift; path = Draw.swift; sourceTree = "<group>"; };
		F58DF3F1240BD7510025C06B /* PhotoCollectionViewCell.swift */ = {isa = PBXFileReference; lastKnownFileType = sourcecode.swift; path = PhotoCollectionViewCell.swift; sourceTree = "<group>"; };
		F590A30F2411AF460029C493 /* EditPhotoViewController.swift */ = {isa = PBXFileReference; lastKnownFileType = sourcecode.swift; path = EditPhotoViewController.swift; sourceTree = "<group>"; };
		F5D8B000241FD9C20055E453 /* SettingsPositionElement.swift */ = {isa = PBXFileReference; lastKnownFileType = sourcecode.swift; path = SettingsPositionElement.swift; sourceTree = "<group>"; };
/* End PBXFileReference section */

/* Begin PBXFrameworksBuildPhase section */
		F5220F7624084AC100E5E552 /* Frameworks */ = {
			isa = PBXFrameworksBuildPhase;
			buildActionMask = 2147483647;
			files = (
				BC924789EA8C4218D2B6A1D3 /* Pods_Tasks_Project.framework in Frameworks */,
			);
			runOnlyForDeploymentPostprocessing = 0;
		};
/* End PBXFrameworksBuildPhase section */

/* Begin PBXGroup section */
		45BA0018A7FA713B02D942E6 /* Frameworks */ = {
			isa = PBXGroup;
			children = (
				979BC5D7121C0DE4BAED25EB /* Pods_Tasks_Project.framework */,
			);
			name = Frameworks;
			sourceTree = "<group>";
		};
		780AB1B3177439152C051566 /* Pods */ = {
			isa = PBXGroup;
			children = (
				14C9CC6EA678458D68C4499A /* Pods-Tasks_Project.debug.xcconfig */,
				B7989556494D811AEF347588 /* Pods-Tasks_Project.release.xcconfig */,
			);
			path = Pods;
			sourceTree = "<group>";
		};
		F5220F7024084AC000E5E552 = {
			isa = PBXGroup;
			children = (
				F5220F7B24084AC100E5E552 /* Tasks_Project */,
				F5220F7A24084AC100E5E552 /* Products */,
				780AB1B3177439152C051566 /* Pods */,
				45BA0018A7FA713B02D942E6 /* Frameworks */,
			);
			sourceTree = "<group>";
		};
		F5220F7A24084AC100E5E552 /* Products */ = {
			isa = PBXGroup;
			children = (
				F5220F7924084AC100E5E552 /* Tasks_Project.app */,
			);
			name = Products;
			sourceTree = "<group>";
		};
		F5220F7B24084AC100E5E552 /* Tasks_Project */ = {
			isa = PBXGroup;
			children = (
				F5220F7C24084AC100E5E552 /* AppDelegate.swift */,
				F590A30E2411AF0B0029C493 /* Photo_Task */,
				F5265B9E241B8FFC00E37E33 /* Drawing */,
				F5220F9024084B0100E5E552 /* TaskListViewController.swift */,
				F5220F8224084AC100E5E552 /* Main.storyboard */,
				F5220F8524084AC800E5E552 /* Assets.xcassets */,
				F5220F8724084AC800E5E552 /* LaunchScreen.storyboard */,
				F5220F8A24084AC800E5E552 /* Info.plist */,
				F5220F9224084B9800E5E552 /* Enumeration_Task.swift */,
			);
			path = Tasks_Project;
			sourceTree = "<group>";
		};
		F5265B9E241B8FFC00E37E33 /* Drawing */ = {
			isa = PBXGroup;
			children = (
				F5265B9F241B901900E37E33 /* DrawingViewController.swift */,
				F5265BA1241B90F900E37E33 /* Draw.swift */,
				F5D8B000241FD9C20055E453 /* SettingsPositionElement.swift */,
			);
			path = Drawing;
			sourceTree = "<group>";
		};
		F590A30E2411AF0B0029C493 /* Photo_Task */ = {
			isa = PBXGroup;
			children = (
				F590A3112411AF560029C493 /* CollectionViewPhoto */,
				F590A30F2411AF460029C493 /* EditPhotoViewController.swift */,
			);
			path = Photo_Task;
			sourceTree = "<group>";
		};
		F590A3112411AF560029C493 /* CollectionViewPhoto */ = {
			isa = PBXGroup;
			children = (
				F5220F942408535100E5E552 /* PhotosSearchViewController.swift */,
				F58DF3F1240BD7510025C06B /* PhotoCollectionViewCell.swift */,
			);
			path = CollectionViewPhoto;
			sourceTree = "<group>";
		};
/* End PBXGroup section */

/* Begin PBXNativeTarget section */
		F5220F7824084AC100E5E552 /* Tasks_Project */ = {
			isa = PBXNativeTarget;
			buildConfigurationList = F5220F8D24084AC800E5E552 /* Build configuration list for PBXNativeTarget "Tasks_Project" */;
			buildPhases = (
				A0D86BEDD814846D805DFBC7 /* [CP] Check Pods Manifest.lock */,
				F5220F7524084AC100E5E552 /* Sources */,
				F5220F7624084AC100E5E552 /* Frameworks */,
				F5220F7724084AC100E5E552 /* Resources */,
				CE0246BFB6CEA2F1CC4F5B2B /* [CP] Embed Pods Frameworks */,
			);
			buildRules = (
			);
			dependencies = (
			);
			name = Tasks_Project;
			productName = Tasks_Project;
			productReference = F5220F7924084AC100E5E552 /* Tasks_Project.app */;
			productType = "com.apple.product-type.application";
		};
/* End PBXNativeTarget section */

/* Begin PBXProject section */
		F5220F7124084AC100E5E552 /* Project object */ = {
			isa = PBXProject;
			attributes = {
				LastSwiftUpdateCheck = 1130;
				LastUpgradeCheck = 1130;
				ORGANIZATIONNAME = Vlad;
				TargetAttributes = {
					F5220F7824084AC100E5E552 = {
						CreatedOnToolsVersion = 11.3.1;
					};
				};
			};
			buildConfigurationList = F5220F7424084AC100E5E552 /* Build configuration list for PBXProject "Tasks_Project" */;
			compatibilityVersion = "Xcode 9.3";
			developmentRegion = en;
			hasScannedForEncodings = 0;
			knownRegions = (
				en,
				Base,
			);
			mainGroup = F5220F7024084AC000E5E552;
			productRefGroup = F5220F7A24084AC100E5E552 /* Products */;
			projectDirPath = "";
			projectRoot = "";
			targets = (
				F5220F7824084AC100E5E552 /* Tasks_Project */,
			);
		};
/* End PBXProject section */

/* Begin PBXResourcesBuildPhase section */
		F5220F7724084AC100E5E552 /* Resources */ = {
			isa = PBXResourcesBuildPhase;
			buildActionMask = 2147483647;
			files = (
				F5220F8924084AC800E5E552 /* LaunchScreen.storyboard in Resources */,
				F5220F8624084AC800E5E552 /* Assets.xcassets in Resources */,
				F5220F8424084AC100E5E552 /* Main.storyboard in Resources */,
			);
			runOnlyForDeploymentPostprocessing = 0;
		};
/* End PBXResourcesBuildPhase section */

/* Begin PBXShellScriptBuildPhase section */
		A0D86BEDD814846D805DFBC7 /* [CP] Check Pods Manifest.lock */ = {
			isa = PBXShellScriptBuildPhase;
			buildActionMask = 2147483647;
			files = (
			);
			inputFileListPaths = (
			);
			inputPaths = (
				"${PODS_PODFILE_DIR_PATH}/Podfile.lock",
				"${PODS_ROOT}/Manifest.lock",
			);
			name = "[CP] Check Pods Manifest.lock";
			outputFileListPaths = (
			);
			outputPaths = (
				"$(DERIVED_FILE_DIR)/Pods-Tasks_Project-checkManifestLockResult.txt",
			);
			runOnlyForDeploymentPostprocessing = 0;
			shellPath = /bin/sh;
			shellScript = "diff \"${PODS_PODFILE_DIR_PATH}/Podfile.lock\" \"${PODS_ROOT}/Manifest.lock\" > /dev/null\nif [ $? != 0 ] ; then\n    # print error to STDERR\n    echo \"error: The sandbox is not in sync with the Podfile.lock. Run 'pod install' or update your CocoaPods installation.\" >&2\n    exit 1\nfi\n# This output is used by Xcode 'outputs' to avoid re-running this script phase.\necho \"SUCCESS\" > \"${SCRIPT_OUTPUT_FILE_0}\"\n";
			showEnvVarsInLog = 0;
		};
		CE0246BFB6CEA2F1CC4F5B2B /* [CP] Embed Pods Frameworks */ = {
			isa = PBXShellScriptBuildPhase;
			buildActionMask = 2147483647;
			files = (
			);
			inputFileListPaths = (
				"${PODS_ROOT}/Target Support Files/Pods-Tasks_Project/Pods-Tasks_Project-frameworks-${CONFIGURATION}-input-files.xcfilelist",
			);
			name = "[CP] Embed Pods Frameworks";
			outputFileListPaths = (
				"${PODS_ROOT}/Target Support Files/Pods-Tasks_Project/Pods-Tasks_Project-frameworks-${CONFIGURATION}-output-files.xcfilelist",
			);
			runOnlyForDeploymentPostprocessing = 0;
			shellPath = /bin/sh;
			shellScript = "\"${PODS_ROOT}/Target Support Files/Pods-Tasks_Project/Pods-Tasks_Project-frameworks.sh\"\n";
			showEnvVarsInLog = 0;
		};
/* End PBXShellScriptBuildPhase section */

/* Begin PBXSourcesBuildPhase section */
		F5220F7524084AC100E5E552 /* Sources */ = {
			isa = PBXSourcesBuildPhase;
			buildActionMask = 2147483647;
			files = (
				F5220F9124084B0100E5E552 /* TaskListViewController.swift in Sources */,
				F590A3102411AF460029C493 /* EditPhotoViewController.swift in Sources */,
				F5220F9324084B9800E5E552 /* Enumeration_Task.swift in Sources */,
				F5265BA2241B90F900E37E33 /* Draw.swift in Sources */,
				F5D8B001241FD9C20055E453 /* SettingsPositionElement.swift in Sources */,
				F5265BA0241B901900E37E33 /* DrawingViewController.swift in Sources */,
				F5220F7D24084AC100E5E552 /* AppDelegate.swift in Sources */,
				F58DF3F2240BD7510025C06B /* PhotoCollectionViewCell.swift in Sources */,
				F5220F952408535100E5E552 /* PhotosSearchViewController.swift in Sources */,
			);
			runOnlyForDeploymentPostprocessing = 0;
		};
/* End PBXSourcesBuildPhase section */

/* Begin PBXVariantGroup section */
		F5220F8224084AC100E5E552 /* Main.storyboard */ = {
			isa = PBXVariantGroup;
			children = (
				F5220F8324084AC100E5E552 /* Base */,
			);
			name = Main.storyboard;
			sourceTree = "<group>";
		};
		F5220F8724084AC800E5E552 /* LaunchScreen.storyboard */ = {
			isa = PBXVariantGroup;
			children = (
				F5220F8824084AC800E5E552 /* Base */,
			);
			name = LaunchScreen.storyboard;
			sourceTree = "<group>";
		};
/* End PBXVariantGroup section */

/* Begin XCBuildConfiguration section */
		F5220F8B24084AC800E5E552 /* Debug */ = {
			isa = XCBuildConfiguration;
			buildSettings = {
				ALWAYS_SEARCH_USER_PATHS = NO;
				CLANG_ANALYZER_NONNULL = YES;
				CLANG_ANALYZER_NUMBER_OBJECT_CONVERSION = YES_AGGRESSIVE;
				CLANG_CXX_LANGUAGE_STANDARD = "gnu++14";
				CLANG_CXX_LIBRARY = "libc++";
				CLANG_ENABLE_MODULES = YES;
				CLANG_ENABLE_OBJC_ARC = YES;
				CLANG_ENABLE_OBJC_WEAK = YES;
				CLANG_WARN_BLOCK_CAPTURE_AUTORELEASING = YES;
				CLANG_WARN_BOOL_CONVERSION = YES;
				CLANG_WARN_COMMA = YES;
				CLANG_WARN_CONSTANT_CONVERSION = YES;
				CLANG_WARN_DEPRECATED_OBJC_IMPLEMENTATIONS = YES;
				CLANG_WARN_DIRECT_OBJC_ISA_USAGE = YES_ERROR;
				CLANG_WARN_DOCUMENTATION_COMMENTS = YES;
				CLANG_WARN_EMPTY_BODY = YES;
				CLANG_WARN_ENUM_CONVERSION = YES;
				CLANG_WARN_INFINITE_RECURSION = YES;
				CLANG_WARN_INT_CONVERSION = YES;
				CLANG_WARN_NON_LITERAL_NULL_CONVERSION = YES;
				CLANG_WARN_OBJC_IMPLICIT_RETAIN_SELF = YES;
				CLANG_WARN_OBJC_LITERAL_CONVERSION = YES;
				CLANG_WARN_OBJC_ROOT_CLASS = YES_ERROR;
				CLANG_WARN_RANGE_LOOP_ANALYSIS = YES;
				CLANG_WARN_STRICT_PROTOTYPES = YES;
				CLANG_WARN_SUSPICIOUS_MOVE = YES;
				CLANG_WARN_UNGUARDED_AVAILABILITY = YES_AGGRESSIVE;
				CLANG_WARN_UNREACHABLE_CODE = YES;
				CLANG_WARN__DUPLICATE_METHOD_MATCH = YES;
				COPY_PHASE_STRIP = NO;
				DEBUG_INFORMATION_FORMAT = dwarf;
				ENABLE_STRICT_OBJC_MSGSEND = YES;
				ENABLE_TESTABILITY = YES;
				GCC_C_LANGUAGE_STANDARD = gnu11;
				GCC_DYNAMIC_NO_PIC = NO;
				GCC_NO_COMMON_BLOCKS = YES;
				GCC_OPTIMIZATION_LEVEL = 0;
				GCC_PREPROCESSOR_DEFINITIONS = (
					"DEBUG=1",
					"$(inherited)",
				);
				GCC_WARN_64_TO_32_BIT_CONVERSION = YES;
				GCC_WARN_ABOUT_RETURN_TYPE = YES_ERROR;
				GCC_WARN_UNDECLARED_SELECTOR = YES;
				GCC_WARN_UNINITIALIZED_AUTOS = YES_AGGRESSIVE;
				GCC_WARN_UNUSED_FUNCTION = YES;
				GCC_WARN_UNUSED_VARIABLE = YES;
				IPHONEOS_DEPLOYMENT_TARGET = 13.2;
				MTL_ENABLE_DEBUG_INFO = INCLUDE_SOURCE;
				MTL_FAST_MATH = YES;
				ONLY_ACTIVE_ARCH = YES;
				SDKROOT = iphoneos;
				SWIFT_ACTIVE_COMPILATION_CONDITIONS = DEBUG;
				SWIFT_OPTIMIZATION_LEVEL = "-Onone";
			};
			name = Debug;
		};
		F5220F8C24084AC800E5E552 /* Release */ = {
			isa = XCBuildConfiguration;
			buildSettings = {
				ALWAYS_SEARCH_USER_PATHS = NO;
				CLANG_ANALYZER_NONNULL = YES;
				CLANG_ANALYZER_NUMBER_OBJECT_CONVERSION = YES_AGGRESSIVE;
				CLANG_CXX_LANGUAGE_STANDARD = "gnu++14";
				CLANG_CXX_LIBRARY = "libc++";
				CLANG_ENABLE_MODULES = YES;
				CLANG_ENABLE_OBJC_ARC = YES;
				CLANG_ENABLE_OBJC_WEAK = YES;
				CLANG_WARN_BLOCK_CAPTURE_AUTORELEASING = YES;
				CLANG_WARN_BOOL_CONVERSION = YES;
				CLANG_WARN_COMMA = YES;
				CLANG_WARN_CONSTANT_CONVERSION = YES;
				CLANG_WARN_DEPRECATED_OBJC_IMPLEMENTATIONS = YES;
				CLANG_WARN_DIRECT_OBJC_ISA_USAGE = YES_ERROR;
				CLANG_WARN_DOCUMENTATION_COMMENTS = YES;
				CLANG_WARN_EMPTY_BODY = YES;
				CLANG_WARN_ENUM_CONVERSION = YES;
				CLANG_WARN_INFINITE_RECURSION = YES;
				CLANG_WARN_INT_CONVERSION = YES;
				CLANG_WARN_NON_LITERAL_NULL_CONVERSION = YES;
				CLANG_WARN_OBJC_IMPLICIT_RETAIN_SELF = YES;
				CLANG_WARN_OBJC_LITERAL_CONVERSION = YES;
				CLANG_WARN_OBJC_ROOT_CLASS = YES_ERROR;
				CLANG_WARN_RANGE_LOOP_ANALYSIS = YES;
				CLANG_WARN_STRICT_PROTOTYPES = YES;
				CLANG_WARN_SUSPICIOUS_MOVE = YES;
				CLANG_WARN_UNGUARDED_AVAILABILITY = YES_AGGRESSIVE;
				CLANG_WARN_UNREACHABLE_CODE = YES;
				CLANG_WARN__DUPLICATE_METHOD_MATCH = YES;
				COPY_PHASE_STRIP = NO;
				DEBUG_INFORMATION_FORMAT = "dwarf-with-dsym";
				ENABLE_NS_ASSERTIONS = NO;
				ENABLE_STRICT_OBJC_MSGSEND = YES;
				GCC_C_LANGUAGE_STANDARD = gnu11;
				GCC_NO_COMMON_BLOCKS = YES;
				GCC_WARN_64_TO_32_BIT_CONVERSION = YES;
				GCC_WARN_ABOUT_RETURN_TYPE = YES_ERROR;
				GCC_WARN_UNDECLARED_SELECTOR = YES;
				GCC_WARN_UNINITIALIZED_AUTOS = YES_AGGRESSIVE;
				GCC_WARN_UNUSED_FUNCTION = YES;
				GCC_WARN_UNUSED_VARIABLE = YES;
				IPHONEOS_DEPLOYMENT_TARGET = 13.2;
				MTL_ENABLE_DEBUG_INFO = NO;
				MTL_FAST_MATH = YES;
				SDKROOT = iphoneos;
				SWIFT_COMPILATION_MODE = wholemodule;
				SWIFT_OPTIMIZATION_LEVEL = "-O";
				VALIDATE_PRODUCT = YES;
			};
			name = Release;
		};
		F5220F8E24084AC800E5E552 /* Debug */ = {
			isa = XCBuildConfiguration;
			baseConfigurationReference = 14C9CC6EA678458D68C4499A /* Pods-Tasks_Project.debug.xcconfig */;
			buildSettings = {
				ASSETCATALOG_COMPILER_APPICON_NAME = AppIcon;
				CODE_SIGN_STYLE = Automatic;
				INFOPLIST_FILE = Tasks_Project/Info.plist;
				LD_RUNPATH_SEARCH_PATHS = (
					"$(inherited)",
					"@executable_path/Frameworks",
				);
				PRODUCT_BUNDLE_IDENTIFIER = "Tasks.Tasks-Project";
				PRODUCT_NAME = "$(TARGET_NAME)";
				SWIFT_VERSION = 5.0;
				TARGETED_DEVICE_FAMILY = "1,2";
			};
			name = Debug;
		};
		F5220F8F24084AC800E5E552 /* Release */ = {
			isa = XCBuildConfiguration;
			baseConfigurationReference = B7989556494D811AEF347588 /* Pods-Tasks_Project.release.xcconfig */;
			buildSettings = {
				ASSETCATALOG_COMPILER_APPICON_NAME = AppIcon;
				CODE_SIGN_STYLE = Automatic;
				INFOPLIST_FILE = Tasks_Project/Info.plist;
				LD_RUNPATH_SEARCH_PATHS = (
					"$(inherited)",
					"@executable_path/Frameworks",
				);
				PRODUCT_BUNDLE_IDENTIFIER = "Tasks.Tasks-Project";
				PRODUCT_NAME = "$(TARGET_NAME)";
				SWIFT_VERSION = 5.0;
				TARGETED_DEVICE_FAMILY = "1,2";
			};
			name = Release;
		};
/* End XCBuildConfiguration section */

/* Begin XCConfigurationList section */
		F5220F7424084AC100E5E552 /* Build configuration list for PBXProject "Tasks_Project" */ = {
			isa = XCConfigurationList;
			buildConfigurations = (
				F5220F8B24084AC800E5E552 /* Debug */,
				F5220F8C24084AC800E5E552 /* Release */,
			);
			defaultConfigurationIsVisible = 0;
			defaultConfigurationName = Release;
		};
		F5220F8D24084AC800E5E552 /* Build configuration list for PBXNativeTarget "Tasks_Project" */ = {
			isa = XCConfigurationList;
			buildConfigurations = (
				F5220F8E24084AC800E5E552 /* Debug */,
				F5220F8F24084AC800E5E552 /* Release */,
			);
			defaultConfigurationIsVisible = 0;
			defaultConfigurationName = Release;
		};
/* End XCConfigurationList section */
	};
	rootObject = F5220F7124084AC100E5E552 /* Project object */;
}
